
Microsoft Visual Studio Solution File, Format Version 12.00
# Visual Studio Version 16
VisualStudioVersion = 16.0.29409.12
MinimumVisualStudioVersion = 10.0.40219.1
Project("{FAE04EC0-301F-11D3-BF4B-00C04F79EFBC}") = "TeachersMicroservice", "TeachersMicroservice\TeachersMicroservice.csproj", "{72918C36-F759-4BDF-90C9-49877F9D956D}"
EndProject
Global
	GlobalSection(SolutionConfigurationPlatforms) = preSolution
		Debug|Any CPU = Debug|Any CPU
		Release|Any CPU = Release|Any CPU
	EndGlobalSection
	GlobalSection(ProjectConfigurationPlatforms) = postSolution
		{72918C36-F759-4BDF-90C9-49877F9D956D}.Debug|Any CPU.ActiveCfg = Debug|Any CPU
		{72918C36-F759-4BDF-90C9-49877F9D956D}.Debug|Any CPU.Build.0 = Debug|Any CPU
		{72918C36-F759-4BDF-90C9-49877F9D956D}.Release|Any CPU.ActiveCfg = Release|Any CPU
		{72918C36-F759-4BDF-90C9-49877F9D956D}.Release|Any CPU.Build.0 = Release|Any CPU
	EndGlobalSection
	GlobalSection(SolutionProperties) = preSolution
		HideSolutionNode = FALSE
	EndGlobalSection
	GlobalSection(ExtensibilityGlobals) = postSolution
		SolutionGuid = {E66F69D4-34F8-4238-A5D7-E32E1EAE6BB3}
	EndGlobalSection
EndGlobal
